
Microsoft Visual Studio Solution File, Format Version 12.00
# Visual Studio 15
VisualStudioVersion = 15.0.28010.2036
MinimumVisualStudioVersion = 10.0.40219.1
Project("{9A19103F-16F7-4668-BE54-9A1E7A4F7556}") = "Application", "Application\Application.csproj", "{01A9DACA-D032-4286-834F-C037E6797818}"
EndProject
Project("{FAE04EC0-301F-11D3-BF4B-00C04F79EFBC}") = "Host.MVC.FullFramework", "Host.MVC.FullFramework\Host.MVC.FullFramework.csproj", "{8A6DF525-F280-4936-8865-09ED83B35AD1}"
EndProject
Project("{9A19103F-16F7-4668-BE54-9A1E7A4F7556}") = "Host.MVC.Core", "Host.MVC.Core\Host.MVC.Core.csproj", "{D24896B1-107D-46C5-B2A4-5D733C9DDC13}"
EndProject
Project("{9A19103F-16F7-4668-BE54-9A1E7A4F7556}") = "Function.EventGrid", "ConstosoTravel.Web.Function.EventGrid\Function.EventGrid.csproj", "{C9858D1F-69A8-4037-BF1F-C1FCE576FDE1}"
EndProject
Project("{9A19103F-16F7-4668-BE54-9A1E7A4F7556}") = "Functions.ServiceBus", "ContosoTravel.Web.Functions.ServiceBus\Functions.ServiceBus.csproj", "{DFA8ABA2-2459-4D7B-9C3A-C580A482F69C}"
EndProject
Project("{9A19103F-16F7-4668-BE54-9A1E7A4F7556}") = "DataLoader", "DataLoader\DataLoader.csproj", "{83B9FA45-C9BD-4558-ABB6-B78A4E13D9D2}"
EndProject
Project("{2150E333-8FDC-42A3-9474-1A3956D46DE8}") = "SolutionItems", "SolutionItems", "{0809BF3E-4A83-4B81-BC77-7D7ADAB0AFFD}"
	ProjectSection(SolutionItems) = preProject
		contosoSettings.json = contosoSettings.json
	EndProjectSection
EndProject
Global
	GlobalSection(SolutionConfigurationPlatforms) = preSolution
		Debug|Any CPU = Debug|Any CPU
		Release|Any CPU = Release|Any CPU
	EndGlobalSection
	GlobalSection(ProjectConfigurationPlatforms) = postSolution
		{01A9DACA-D032-4286-834F-C037E6797818}.Debug|Any CPU.ActiveCfg = Debug|Any CPU
		{01A9DACA-D032-4286-834F-C037E6797818}.Debug|Any CPU.Build.0 = Debug|Any CPU
		{01A9DACA-D032-4286-834F-C037E6797818}.Release|Any CPU.ActiveCfg = Release|Any CPU
		{01A9DACA-D032-4286-834F-C037E6797818}.Release|Any CPU.Build.0 = Release|Any CPU
		{8A6DF525-F280-4936-8865-09ED83B35AD1}.Debug|Any CPU.ActiveCfg = Debug|Any CPU
		{8A6DF525-F280-4936-8865-09ED83B35AD1}.Debug|Any CPU.Build.0 = Debug|Any CPU
		{8A6DF525-F280-4936-8865-09ED83B35AD1}.Release|Any CPU.ActiveCfg = Release|Any CPU
		{8A6DF525-F280-4936-8865-09ED83B35AD1}.Release|Any CPU.Build.0 = Release|Any CPU
		{D24896B1-107D-46C5-B2A4-5D733C9DDC13}.Debug|Any CPU.ActiveCfg = Debug|Any CPU
		{D24896B1-107D-46C5-B2A4-5D733C9DDC13}.Debug|Any CPU.Build.0 = Debug|Any CPU
		{D24896B1-107D-46C5-B2A4-5D733C9DDC13}.Release|Any CPU.ActiveCfg = Release|Any CPU
		{D24896B1-107D-46C5-B2A4-5D733C9DDC13}.Release|Any CPU.Build.0 = Release|Any CPU
		{C9858D1F-69A8-4037-BF1F-C1FCE576FDE1}.Debug|Any CPU.ActiveCfg = Debug|Any CPU
		{C9858D1F-69A8-4037-BF1F-C1FCE576FDE1}.Debug|Any CPU.Build.0 = Debug|Any CPU
		{C9858D1F-69A8-4037-BF1F-C1FCE576FDE1}.Release|Any CPU.ActiveCfg = Release|Any CPU
		{C9858D1F-69A8-4037-BF1F-C1FCE576FDE1}.Release|Any CPU.Build.0 = Release|Any CPU
		{DFA8ABA2-2459-4D7B-9C3A-C580A482F69C}.Debug|Any CPU.ActiveCfg = Debug|Any CPU
		{DFA8ABA2-2459-4D7B-9C3A-C580A482F69C}.Debug|Any CPU.Build.0 = Debug|Any CPU
		{DFA8ABA2-2459-4D7B-9C3A-C580A482F69C}.Release|Any CPU.ActiveCfg = Release|Any CPU
		{DFA8ABA2-2459-4D7B-9C3A-C580A482F69C}.Release|Any CPU.Build.0 = Release|Any CPU
		{83B9FA45-C9BD-4558-ABB6-B78A4E13D9D2}.Debug|Any CPU.ActiveCfg = Debug|Any CPU
		{83B9FA45-C9BD-4558-ABB6-B78A4E13D9D2}.Debug|Any CPU.Build.0 = Debug|Any CPU
		{83B9FA45-C9BD-4558-ABB6-B78A4E13D9D2}.Release|Any CPU.ActiveCfg = Release|Any CPU
		{83B9FA45-C9BD-4558-ABB6-B78A4E13D9D2}.Release|Any CPU.Build.0 = Release|Any CPU
	EndGlobalSection
	GlobalSection(SolutionProperties) = preSolution
		HideSolutionNode = FALSE
	EndGlobalSection
	GlobalSection(ExtensibilityGlobals) = postSolution
		SolutionGuid = {08DCD68C-311B-4EBA-94C5-29EEC539ECC9}
	EndGlobalSection
EndGlobal
